
Microsoft Visual Studio Solution File, Format Version 12.00
# Visual Studio Version 16
VisualStudioVersion = 16.0.30503.244
MinimumVisualStudioVersion = 10.0.40219.1
Project("{FAE04EC0-301F-11D3-BF4B-00C04F79EFBC}") = "Aula_03_SegundaFeira_PhillipeMarques", "Aula_03_SegundaFeira_PhillipeMarques\Aula_03_SegundaFeira_PhillipeMarques.csproj", "{5F929875-677A-423B-A898-6F0E1DFFB3BE}"
EndProject
Global
	GlobalSection(SolutionConfigurationPlatforms) = preSolution
		Debug|Any CPU = Debug|Any CPU
		Release|Any CPU = Release|Any CPU
	EndGlobalSection
	GlobalSection(ProjectConfigurationPlatforms) = postSolution
		{5F929875-677A-423B-A898-6F0E1DFFB3BE}.Debug|Any CPU.ActiveCfg = Debug|Any CPU
		{5F929875-677A-423B-A898-6F0E1DFFB3BE}.Debug|Any CPU.Build.0 = Debug|Any CPU
		{5F929875-677A-423B-A898-6F0E1DFFB3BE}.Release|Any CPU.ActiveCfg = Release|Any CPU
		{5F929875-677A-423B-A898-6F0E1DFFB3BE}.Release|Any CPU.Build.0 = Release|Any CPU
	EndGlobalSection
	GlobalSection(SolutionProperties) = preSolution
		HideSolutionNode = FALSE
	EndGlobalSection
	GlobalSection(ExtensibilityGlobals) = postSolution
		SolutionGuid = {65FA4E19-7A10-4761-AFE8-62C2C91FFDB2}
	EndGlobalSection
EndGlobal
